
Microsoft Visual Studio Solution File, Format Version 12.00
# Visual Studio Version 16
VisualStudioVersion = 16.0.28922.388
MinimumVisualStudioVersion = 10.0.40219.1
Project("{FAE04EC0-301F-11D3-BF4B-00C04F79EFBC}") = "BranchAndChicken.Api", "BranchAndChicken.Api\BranchAndChicken.Api.csproj", "{C06B92A6-39BE-40DA-9FFC-CE9A8FF5E125}"
EndProject
Global
	GlobalSection(SolutionConfigurationPlatforms) = preSolution
		Debug|Any CPU = Debug|Any CPU
		Release|Any CPU = Release|Any CPU
	EndGlobalSection
	GlobalSection(ProjectConfigurationPlatforms) = postSolution
		{C06B92A6-39BE-40DA-9FFC-CE9A8FF5E125}.Debug|Any CPU.ActiveCfg = Debug|Any CPU
		{C06B92A6-39BE-40DA-9FFC-CE9A8FF5E125}.Debug|Any CPU.Build.0 = Debug|Any CPU
		{C06B92A6-39BE-40DA-9FFC-CE9A8FF5E125}.Release|Any CPU.ActiveCfg = Release|Any CPU
		{C06B92A6-39BE-40DA-9FFC-CE9A8FF5E125}.Release|Any CPU.Build.0 = Release|Any CPU
	EndGlobalSection
	GlobalSection(SolutionProperties) = preSolution
		HideSolutionNode = FALSE
	EndGlobalSection
	GlobalSection(ExtensibilityGlobals) = postSolution
		SolutionGuid = {9DBD3A9E-52C8-4F11-AC3F-A9B94C6E327D}
	EndGlobalSection
EndGlobal
